
Microsoft Visual Studio Solution File, Format Version 12.00
# Visual Studio Version 16
VisualStudioVersion = 16.0.31205.134
MinimumVisualStudioVersion = 10.0.40219.1
Project("{FAE04EC0-301F-11D3-BF4B-00C04F79EFBC}") = "InterviewApp.Crm.Common", "InterviewApp.Crm.Common\InterviewApp.Crm.Common.csproj", "{63DA2BD7-C86C-49EB-B078-568DD9A900F7}"
EndProject
Project("{FAE04EC0-301F-11D3-BF4B-00C04F79EFBC}") = "InterviewApp.Crm.Plugins", "InterviewApp.Crm.Plugins\InterviewApp.Crm.Plugins.csproj", "{3B9A8328-2703-4F12-9898-B6DCE295594F}"
EndProject
Project("{FAE04EC0-301F-11D3-BF4B-00C04F79EFBC}") = "InterviewApp.Crm.WebResources", "InterviewApp.Crm.WebResources\InterviewApp.Crm.WebResources.csproj", "{BC7A7A09-90F1-4568-AD07-FCD6380AB674}"
EndProject
Global
	GlobalSection(SolutionConfigurationPlatforms) = preSolution
		Debug|Any CPU = Debug|Any CPU
		Release|Any CPU = Release|Any CPU
	EndGlobalSection
	GlobalSection(ProjectConfigurationPlatforms) = postSolution
		{63DA2BD7-C86C-49EB-B078-568DD9A900F7}.Debug|Any CPU.ActiveCfg = Debug|Any CPU
		{63DA2BD7-C86C-49EB-B078-568DD9A900F7}.Debug|Any CPU.Build.0 = Debug|Any CPU
		{63DA2BD7-C86C-49EB-B078-568DD9A900F7}.Release|Any CPU.ActiveCfg = Release|Any CPU
		{63DA2BD7-C86C-49EB-B078-568DD9A900F7}.Release|Any CPU.Build.0 = Release|Any CPU
		{3B9A8328-2703-4F12-9898-B6DCE295594F}.Debug|Any CPU.ActiveCfg = Debug|Any CPU
		{3B9A8328-2703-4F12-9898-B6DCE295594F}.Debug|Any CPU.Build.0 = Debug|Any CPU
		{3B9A8328-2703-4F12-9898-B6DCE295594F}.Release|Any CPU.ActiveCfg = Release|Any CPU
		{3B9A8328-2703-4F12-9898-B6DCE295594F}.Release|Any CPU.Build.0 = Release|Any CPU
		{BC7A7A09-90F1-4568-AD07-FCD6380AB674}.Debug|Any CPU.ActiveCfg = Debug|Any CPU
		{BC7A7A09-90F1-4568-AD07-FCD6380AB674}.Debug|Any CPU.Build.0 = Debug|Any CPU
		{BC7A7A09-90F1-4568-AD07-FCD6380AB674}.Release|Any CPU.ActiveCfg = Release|Any CPU
		{BC7A7A09-90F1-4568-AD07-FCD6380AB674}.Release|Any CPU.Build.0 = Release|Any CPU
	EndGlobalSection
	GlobalSection(SolutionProperties) = preSolution
		HideSolutionNode = FALSE
	EndGlobalSection
	GlobalSection(ExtensibilityGlobals) = postSolution
		SolutionGuid = {905B4F55-BF99-47A7-B21D-A3703AA58CC8}
	EndGlobalSection
EndGlobal
